
Microsoft Visual Studio Solution File, Format Version 12.00
# Visual Studio 15
Project("{FAE04EC0-301F-11D3-BF4B-00C04F79EFBC}") = "Assembly-CSharp", "Assembly-CSharp.csproj", "{78CB9430-34B2-C367-C62B-8868D4B3A055}"
EndProject
Project("{FAE04EC0-301F-11D3-BF4B-00C04F79EFBC}") = "Assembly-CSharp-Editor", "Assembly-CSharp-Editor.csproj", "{EBEEDC55-9B8E-195E-192D-AB3CE4A49429}"
EndProject
Global
	GlobalSection(SolutionConfigurationPlatforms) = preSolution
		Debug|Any CPU = Debug|Any CPU
		Release|Any CPU = Release|Any CPU
	EndGlobalSection
	GlobalSection(ProjectConfigurationPlatforms) = postSolution
		{78CB9430-34B2-C367-C62B-8868D4B3A055}.Debug|Any CPU.ActiveCfg = Debug|Any CPU
		{78CB9430-34B2-C367-C62B-8868D4B3A055}.Debug|Any CPU.Build.0 = Debug|Any CPU
		{78CB9430-34B2-C367-C62B-8868D4B3A055}.Release|Any CPU.ActiveCfg = Release|Any CPU
		{78CB9430-34B2-C367-C62B-8868D4B3A055}.Release|Any CPU.Build.0 = Release|Any CPU
		{EBEEDC55-9B8E-195E-192D-AB3CE4A49429}.Debug|Any CPU.ActiveCfg = Debug|Any CPU
		{EBEEDC55-9B8E-195E-192D-AB3CE4A49429}.Debug|Any CPU.Build.0 = Debug|Any CPU
		{EBEEDC55-9B8E-195E-192D-AB3CE4A49429}.Release|Any CPU.ActiveCfg = Release|Any CPU
		{EBEEDC55-9B8E-195E-192D-AB3CE4A49429}.Release|Any CPU.Build.0 = Release|Any CPU
	EndGlobalSection
	GlobalSection(SolutionProperties) = preSolution
		HideSolutionNode = FALSE
	EndGlobalSection
EndGlobal
